// !$*UTF8*$!
{
	archiveVersion = 1;
	classes = {
	};
	objectVersion = 56;
	objects = {

/* Begin PBXBuildFile section */
		CF955EFC2BB3A0D2001454C2 /* Media_Playback_App2App.swift in Sources */ = {isa = PBXBuildFile; fileRef = CF955EFB2BB3A0D2001454C2 /* Media_Playback_App2App.swift */; };
		CF955EFE2BB3A0D2001454C2 /* ContentView.swift in Sources */ = {isa = PBXBuildFile; fileRef = CF955EFD2BB3A0D2001454C2 /* ContentView.swift */; };
		CF955F002BB3A0D4001454C2 /* Assets.xcassets in Resources */ = {isa = PBXBuildFile; fileRef = CF955EFF2BB3A0D4001454C2 /* Assets.xcassets */; };
		CF955F032BB3A0D4001454C2 /* Preview Assets.xcassets in Resources */ = {isa = PBXBuildFile; fileRef = CF955F022BB3A0D4001454C2 /* Preview Assets.xcassets */; };
		CF955F0D2BB3A0D5001454C2 /* Media_Playback_App2Tests.swift in Sources */ = {isa = PBXBuildFile; fileRef = CF955F0C2BB3A0D5001454C2 /* Media_Playback_App2Tests.swift */; };
		CF955F172BB3A0D5001454C2 /* Media_Playback_App2UITests.swift in Sources */ = {isa = PBXBuildFile; fileRef = CF955F162BB3A0D5001454C2 /* Media_Playback_App2UITests.swift */; };
		CF955F192BB3A0D5001454C2 /* Media_Playback_App2UITestsLaunchTests.swift in Sources */ = {isa = PBXBuildFile; fileRef = CF955F182BB3A0D5001454C2 /* Media_Playback_App2UITestsLaunchTests.swift */; };
		CF955F262BB3A10C001454C2 /* videos.json in Resources */ = {isa = PBXBuildFile; fileRef = CF955F252BB3A10C001454C2 /* videos.json */; };
		CF955F282BB3A128001454C2 /* VideoData.swift in Sources */ = {isa = PBXBuildFile; fileRef = CF955F272BB3A128001454C2 /* VideoData.swift */; };
		CF955F372BB3A8E2001454C2 /* KarolG-Contigo.mp4 in Resources */ = {isa = PBXBuildFile; fileRef = CF955F362BB3A8E2001454C2 /* KarolG-Contigo.mp4 */; };
		CF955F382BB3A8E2001454C2 /* KarolG-Contigo.mp4 in Resources */ = {isa = PBXBuildFile; fileRef = CF955F362BB3A8E2001454C2 /* KarolG-Contigo.mp4 */; };
		CF955F392BB3A8E2001454C2 /* KarolG-Contigo.mp4 in Resources */ = {isa = PBXBuildFile; fileRef = CF955F362BB3A8E2001454C2 /* KarolG-Contigo.mp4 */; };
		CF955F3B2BB3ABEA001454C2 /* Arianagrande.mp4 in Resources */ = {isa = PBXBuildFile; fileRef = CF955F3A2BB3ABEA001454C2 /* Arianagrande.mp4 */; };
		CF955F3C2BB3ABEA001454C2 /* Arianagrande.mp4 in Resources */ = {isa = PBXBuildFile; fileRef = CF955F3A2BB3ABEA001454C2 /* Arianagrande.mp4 */; };
		CF955F3D2BB3ABEA001454C2 /* Arianagrande.mp4 in Resources */ = {isa = PBXBuildFile; fileRef = CF955F3A2BB3ABEA001454C2 /* Arianagrande.mp4 */; };
		CF955F3F2BB3B82B001454C2 /* Kali Uchis, Peso Pluma - Igual Que Un Ángel.mp4 in Resources */ = {isa = PBXBuildFile; fileRef = CF955F3E2BB3B82B001454C2 /* Kali Uchis, Peso Pluma - Igual Que Un Ángel.mp4 */; };
		CF955F402BB3B82B001454C2 /* Kali Uchis, Peso Pluma - Igual Que Un Ángel.mp4 in Resources */ = {isa = PBXBuildFile; fileRef = CF955F3E2BB3B82B001454C2 /* Kali Uchis, Peso Pluma - Igual Que Un Ángel.mp4 */; };
		CF955F412BB3B82B001454C2 /* Kali Uchis, Peso Pluma - Igual Que Un Ángel.mp4 in Resources */ = {isa = PBXBuildFile; fileRef = CF955F3E2BB3B82B001454C2 /* Kali Uchis, Peso Pluma - Igual Que Un Ángel.mp4 */; };
/* End PBXBuildFile section */

/* Begin PBXContainerItemProxy section */
		CF955F092BB3A0D5001454C2 /* PBXContainerItemProxy */ = {
			isa = PBXContainerItemProxy;
			containerPortal = CF955EF02BB3A0D2001454C2 /* Project object */;
			proxyType = 1;
			remoteGlobalIDString = CF955EF72BB3A0D2001454C2;
			remoteInfo = "Media Playback App2";
		};
		CF955F132BB3A0D5001454C2 /* PBXContainerItemProxy */ = {
			isa = PBXContainerItemProxy;
			containerPortal = CF955EF02BB3A0D2001454C2 /* Project object */;
			proxyType = 1;
			remoteGlobalIDString = CF955EF72BB3A0D2001454C2;
			remoteInfo = "Media Playback App2";
		};
/* End PBXContainerItemProxy section */

/* Begin PBXFileReference section */
		CF3BEE302BC3476B007A11B1 /* AVFoundation.framework */ = {isa = PBXFileReference; lastKnownFileType = wrapper.framework; name = AVFoundation.framework; path = System/Library/Frameworks/AVFoundation.framework; sourceTree = SDKROOT; };
		CF3BEE322BC347A0007A11B1 /* AVFoundation.framework */ = {isa = PBXFileReference; lastKnownFileType = wrapper.framework; name = AVFoundation.framework; path = Platforms/MacOSX.platform/Developer/SDKs/MacOSX14.4.sdk/System/Library/Frameworks/AVFoundation.framework; sourceTree = DEVELOPER_DIR; };
		CF955EF82BB3A0D2001454C2 /* Media Playback App2.app */ = {isa = PBXFileReference; explicitFileType = wrapper.application; includeInIndex = 0; path = "Media Playback App2.app"; sourceTree = BUILT_PRODUCTS_DIR; };
		CF955EFB2BB3A0D2001454C2 /* Media_Playback_App2App.swift */ = {isa = PBXFileReference; lastKnownFileType = sourcecode.swift; path = Media_Playback_App2App.swift; sourceTree = "<group>"; };
		CF955EFD2BB3A0D2001454C2 /* ContentView.swift */ = {isa = PBXFileReference; lastKnownFileType = sourcecode.swift; path = ContentView.swift; sourceTree = "<group>"; };
		CF955EFF2BB3A0D4001454C2 /* Assets.xcassets */ = {isa = PBXFileReference; lastKnownFileType = folder.assetcatalog; path = Assets.xcassets; sourceTree = "<group>"; };
		CF955F022BB3A0D4001454C2 /* Preview Assets.xcassets */ = {isa = PBXFileReference; lastKnownFileType = folder.assetcatalog; path = "Preview Assets.xcassets"; sourceTree = "<group>"; };
		CF955F082BB3A0D5001454C2 /* Media Playback App2Tests.xctest */ = {isa = PBXFileReference; explicitFileType = wrapper.cfbundle; includeInIndex = 0; path = "Media Playback App2Tests.xctest"; sourceTree = BUILT_PRODUCTS_DIR; };
		CF955F0C2BB3A0D5001454C2 /* Media_Playback_App2Tests.swift */ = {isa = PBXFileReference; lastKnownFileType = sourcecode.swift; path = Media_Playback_App2Tests.swift; sourceTree = "<group>"; };
		CF955F122BB3A0D5001454C2 /* Media Playback App2UITests.xctest */ = {isa = PBXFileReference; explicitFileType = wrapper.cfbundle; includeInIndex = 0; path = "Media Playback App2UITests.xctest"; sourceTree = BUILT_PRODUCTS_DIR; };
		CF955F162BB3A0D5001454C2 /* Media_Playback_App2UITests.swift */ = {isa = PBXFileReference; lastKnownFileType = sourcecode.swift; path = Media_Playback_App2UITests.swift; sourceTree = "<group>"; };
		CF955F182BB3A0D5001454C2 /* Media_Playback_App2UITestsLaunchTests.swift */ = {isa = PBXFileReference; lastKnownFileType = sourcecode.swift; path = Media_Playback_App2UITestsLaunchTests.swift; sourceTree = "<group>"; };
		CF955F252BB3A10C001454C2 /* videos.json */ = {isa = PBXFileReference; lastKnownFileType = text.json; path = videos.json; sourceTree = "<group>"; };
		CF955F272BB3A128001454C2 /* VideoData.swift */ = {isa = PBXFileReference; lastKnownFileType = sourcecode.swift; path = VideoData.swift; sourceTree = "<group>"; };
		CF955F362BB3A8E2001454C2 /* KarolG-Contigo.mp4 */ = {isa = PBXFileReference; lastKnownFileType = file; path = "KarolG-Contigo.mp4"; sourceTree = "<group>"; };
		CF955F3A2BB3ABEA001454C2 /* Arianagrande.mp4 */ = {isa = PBXFileReference; lastKnownFileType = file; path = Arianagrande.mp4; sourceTree = "<group>"; };
		CF955F3E2BB3B82B001454C2 /* Kali Uchis, Peso Pluma - Igual Que Un Ángel.mp4 */ = {isa = PBXFileReference; lastKnownFileType = file; path = "Kali Uchis, Peso Pluma - Igual Que Un Ángel.mp4"; sourceTree = "<group>"; };
/* End PBXFileReference section */

/* Begin PBXFrameworksBuildPhase section */
		CF955EF52BB3A0D2001454C2 /* Frameworks */ = {
			isa = PBXFrameworksBuildPhase;
			buildActionMask = 2147483647;
			files = (
			);
			runOnlyForDeploymentPostprocessing = 0;
		};
		CF955F052BB3A0D5001454C2 /* Frameworks */ = {
			isa = PBXFrameworksBuildPhase;
			buildActionMask = 2147483647;
			files = (
			);
			runOnlyForDeploymentPostprocessing = 0;
		};
		CF955F0F2BB3A0D5001454C2 /* Frameworks */ = {
			isa = PBXFrameworksBuildPhase;
			buildActionMask = 2147483647;
			files = (
			);
			runOnlyForDeploymentPostprocessing = 0;
		};
/* End PBXFrameworksBuildPhase section */

/* Begin PBXGroup section */
		CF3BEE2F2BC3476B007A11B1 /* Frameworks */ = {
			isa = PBXGroup;
			children = (
				CF3BEE322BC347A0007A11B1 /* AVFoundation.framework */,
				CF3BEE302BC3476B007A11B1 /* AVFoundation.framework */,
			);
			name = Frameworks;
			sourceTree = "<group>";
		};
		CF955EEF2BB3A0D2001454C2 = {
			isa = PBXGroup;
			children = (
				CF955EFA2BB3A0D2001454C2 /* Media Playback App2 */,
				CF955F0B2BB3A0D5001454C2 /* Media Playback App2Tests */,
				CF955F152BB3A0D5001454C2 /* Media Playback App2UITests */,
				CF955EF92BB3A0D2001454C2 /* Products */,
				CF3BEE2F2BC3476B007A11B1 /* Frameworks */,
			);
			sourceTree = "<group>";
		};
		CF955EF92BB3A0D2001454C2 /* Products */ = {
			isa = PBXGroup;
			children = (
				CF955EF82BB3A0D2001454C2 /* Media Playback App2.app */,
				CF955F082BB3A0D5001454C2 /* Media Playback App2Tests.xctest */,
				CF955F122BB3A0D5001454C2 /* Media Playback App2UITests.xctest */,
			);
			name = Products;
			sourceTree = "<group>";
		};
		CF955EFA2BB3A0D2001454C2 /* Media Playback App2 */ = {
			isa = PBXGroup;
			children = (
				CF955EFB2BB3A0D2001454C2 /* Media_Playback_App2App.swift */,
				CF955EFD2BB3A0D2001454C2 /* ContentView.swift */,
				CF955F272BB3A128001454C2 /* VideoData.swift */,
				CF955F252BB3A10C001454C2 /* videos.json */,
				CF955F2D2BB3A1B0001454C2 /* Videos */,
				CF955EFF2BB3A0D4001454C2 /* Assets.xcassets */,
				CF955F012BB3A0D4001454C2 /* Preview Content */,
			);
			path = "Media Playback App2";
			sourceTree = "<group>";
		};
		CF955F012BB3A0D4001454C2 /* Preview Content */ = {
			isa = PBXGroup;
			children = (
				CF955F022BB3A0D4001454C2 /* Preview Assets.xcassets */,
			);
			path = "Preview Content";
			sourceTree = "<group>";
		};
		CF955F0B2BB3A0D5001454C2 /* Media Playback App2Tests */ = {
			isa = PBXGroup;
			children = (
				CF955F0C2BB3A0D5001454C2 /* Media_Playback_App2Tests.swift */,
			);
			path = "Media Playback App2Tests";
			sourceTree = "<group>";
		};
		CF955F152BB3A0D5001454C2 /* Media Playback App2UITests */ = {
			isa = PBXGroup;
			children = (
				CF955F162BB3A0D5001454C2 /* Media_Playback_App2UITests.swift */,
				CF955F182BB3A0D5001454C2 /* Media_Playback_App2UITestsLaunchTests.swift */,
			);
			path = "Media Playback App2UITests";
			sourceTree = "<group>";
		};
		CF955F2D2BB3A1B0001454C2 /* Videos */ = {
			isa = PBXGroup;
			children = (
				CF955F3E2BB3B82B001454C2 /* Kali Uchis, Peso Pluma - Igual Que Un Ángel.mp4 */,
				CF955F3A2BB3ABEA001454C2 /* Arianagrande.mp4 */,
				CF955F362BB3A8E2001454C2 /* KarolG-Contigo.mp4 */,
			);
			path = Videos;
			sourceTree = "<group>";
		};
/* End PBXGroup section */

/* Begin PBXNativeTarget section */
		CF955EF72BB3A0D2001454C2 /* Media Playback App2 */ = {
			isa = PBXNativeTarget;
			buildConfigurationList = CF955F1C2BB3A0D5001454C2 /* Build configuration list for PBXNativeTarget "Media Playback App2" */;
			buildPhases = (
				CF955EF42BB3A0D2001454C2 /* Sources */,
				CF955EF52BB3A0D2001454C2 /* Frameworks */,
				CF955EF62BB3A0D2001454C2 /* Resources */,
			);
			buildRules = (
			);
			dependencies = (
			);
			name = "Media Playback App2";
			productName = "Media Playback App2";
			productReference = CF955EF82BB3A0D2001454C2 /* Media Playback App2.app */;
			productType = "com.apple.product-type.application";
		};
		CF955F072BB3A0D5001454C2 /* Media Playback App2Tests */ = {
			isa = PBXNativeTarget;
			buildConfigurationList = CF955F1F2BB3A0D5001454C2 /* Build configuration list for PBXNativeTarget "Media Playback App2Tests" */;
			buildPhases = (
				CF955F042BB3A0D5001454C2 /* Sources */,
				CF955F052BB3A0D5001454C2 /* Frameworks */,
				CF955F062BB3A0D5001454C2 /* Resources */,
			);
			buildRules = (
			);
			dependencies = (
				CF955F0A2BB3A0D5001454C2 /* PBXTargetDependency */,
			);
			name = "Media Playback App2Tests";
			productName = "Media Playback App2Tests";
			productReference = CF955F082BB3A0D5001454C2 /* Media Playback App2Tests.xctest */;
			productType = "com.apple.product-type.bundle.unit-test";
		};
		CF955F112BB3A0D5001454C2 /* Media Playback App2UITests */ = {
			isa = PBXNativeTarget;
			buildConfigurationList = CF955F222BB3A0D5001454C2 /* Build configuration list for PBXNativeTarget "Media Playback App2UITests" */;
			buildPhases = (
				CF955F0E2BB3A0D5001454C2 /* Sources */,
				CF955F0F2BB3A0D5001454C2 /* Frameworks */,
				CF955F102BB3A0D5001454C2 /* Resources */,
			);
			buildRules = (
			);
			dependencies = (
				CF955F142BB3A0D5001454C2 /* PBXTargetDependency */,
			);
			name = "Media Playback App2UITests";
			productName = "Media Playback App2UITests";
			productReference = CF955F122BB3A0D5001454C2 /* Media Playback App2UITests.xctest */;
			productType = "com.apple.product-type.bundle.ui-testing";
		};
/* End PBXNativeTarget section */

/* Begin PBXProject section */
		CF955EF02BB3A0D2001454C2 /* Project object */ = {
			isa = PBXProject;
			attributes = {
				BuildIndependentTargetsInParallel = 1;
				LastSwiftUpdateCheck = 1530;
				LastUpgradeCheck = 1530;
				TargetAttributes = {
					CF955EF72BB3A0D2001454C2 = {
						CreatedOnToolsVersion = 15.3;
					};
					CF955F072BB3A0D5001454C2 = {
						CreatedOnToolsVersion = 15.3;
						TestTargetID = CF955EF72BB3A0D2001454C2;
					};
					CF955F112BB3A0D5001454C2 = {
						CreatedOnToolsVersion = 15.3;
						TestTargetID = CF955EF72BB3A0D2001454C2;
					};
				};
			};
			buildConfigurationList = CF955EF32BB3A0D2001454C2 /* Build configuration list for PBXProject "Media Playback App2" */;
			compatibilityVersion = "Xcode 14.0";
			developmentRegion = en;
			hasScannedForEncodings = 0;
			knownRegions = (
				en,
				Base,
			);
			mainGroup = CF955EEF2BB3A0D2001454C2;
			productRefGroup = CF955EF92BB3A0D2001454C2 /* Products */;
			projectDirPath = "";
			projectRoot = "";
			targets = (
				CF955EF72BB3A0D2001454C2 /* Media Playback App2 */,
				CF955F072BB3A0D5001454C2 /* Media Playback App2Tests */,
				CF955F112BB3A0D5001454C2 /* Media Playback App2UITests */,
			);
		};
/* End PBXProject section */

/* Begin PBXResourcesBuildPhase section */
		CF955EF62BB3A0D2001454C2 /* Resources */ = {
			isa = PBXResourcesBuildPhase;
			buildActionMask = 2147483647;
			files = (
				CF955F032BB3A0D4001454C2 /* Preview Assets.xcassets in Resources */,
				CF955F002BB3A0D4001454C2 /* Assets.xcassets in Resources */,
				CF955F262BB3A10C001454C2 /* videos.json in Resources */,
				CF955F372BB3A8E2001454C2 /* KarolG-Contigo.mp4 in Resources */,
				CF955F3B2BB3ABEA001454C2 /* Arianagrande.mp4 in Resources */,
				CF955F3F2BB3B82B001454C2 /* Kali Uchis, Peso Pluma - Igual Que Un Ángel.mp4 in Resources */,
			);
			runOnlyForDeploymentPostprocessing = 0;
		};
		CF955F062BB3A0D5001454C2 /* Resources */ = {
			isa = PBXResourcesBuildPhase;
			buildActionMask = 2147483647;
			files = (
				CF955F3C2BB3ABEA001454C2 /* Arianagrande.mp4 in Resources */,
				CF955F382BB3A8E2001454C2 /* KarolG-Contigo.mp4 in Resources */,
				CF955F402BB3B82B001454C2 /* Kali Uchis, Peso Pluma - Igual Que Un Ángel.mp4 in Resources */,
			);
			runOnlyForDeploymentPostprocessing = 0;
		};
		CF955F102BB3A0D5001454C2 /* Resources */ = {
			isa = PBXResourcesBuildPhase;
			buildActionMask = 2147483647;
			files = (
				CF955F3D2BB3ABEA001454C2 /* Arianagrande.mp4 in Resources */,
				CF955F392BB3A8E2001454C2 /* KarolG-Contigo.mp4 in Resources */,
				CF955F412BB3B82B001454C2 /* Kali Uchis, Peso Pluma - Igual Que Un Ángel.mp4 in Resources */,
			);
			runOnlyForDeploymentPostprocessing = 0;
		};
/* End PBXResourcesBuildPhase section */

/* Begin PBXSourcesBuildPhase section */
		CF955EF42BB3A0D2001454C2 /* Sources */ = {
			isa = PBXSourcesBuildPhase;
			buildActionMask = 2147483647;
			files = (
				CF955EFE2BB3A0D2001454C2 /* ContentView.swift in Sources */,
				CF955EFC2BB3A0D2001454C2 /* Media_Playback_App2App.swift in Sources */,
				CF955F282BB3A128001454C2 /* VideoData.swift in Sources */,
			);
			runOnlyForDeploymentPostprocessing = 0;
		};
		CF955F042BB3A0D5001454C2 /* Sources */ = {
			isa = PBXSourcesBuildPhase;
			buildActionMask = 2147483647;
			files = (
				CF955F0D2BB3A0D5001454C2 /* Media_Playback_App2Tests.swift in Sources */,
			);
			runOnlyForDeploymentPostprocessing = 0;
		};
		CF955F0E2BB3A0D5001454C2 /* Sources */ = {
			isa = PBXSourcesBuildPhase;
			buildActionMask = 2147483647;
			files = (
				CF955F172BB3A0D5001454C2 /* Media_Playback_App2UITests.swift in Sources */,
				CF955F192BB3A0D5001454C2 /* Media_Playback_App2UITestsLaunchTests.swift in Sources */,
			);
			runOnlyForDeploymentPostprocessing = 0;
		};
/* End PBXSourcesBuildPhase section */

/* Begin PBXTargetDependency section */
		CF955F0A2BB3A0D5001454C2 /* PBXTargetDependency */ = {
			isa = PBXTargetDependency;
			target = CF955EF72BB3A0D2001454C2 /* Media Playback App2 */;
			targetProxy = CF955F092BB3A0D5001454C2 /* PBXContainerItemProxy */;
		};
		CF955F142BB3A0D5001454C2 /* PBXTargetDependency */ = {
			isa = PBXTargetDependency;
			target = CF955EF72BB3A0D2001454C2 /* Media Playback App2 */;
			targetProxy = CF955F132BB3A0D5001454C2 /* PBXContainerItemProxy */;
		};
/* End PBXTargetDependency section */

/* Begin XCBuildConfiguration section */
		CF955F1A2BB3A0D5001454C2 /* Debug */ = {
			isa = XCBuildConfiguration;
			buildSettings = {
				ALWAYS_SEARCH_USER_PATHS = NO;
				ASSETCATALOG_COMPILER_GENERATE_SWIFT_ASSET_SYMBOL_EXTENSIONS = YES;
				CLANG_ANALYZER_NONNULL = YES;
				CLANG_ANALYZER_NUMBER_OBJECT_CONVERSION = YES_AGGRESSIVE;
				CLANG_CXX_LANGUAGE_STANDARD = "gnu++20";
				CLANG_ENABLE_MODULES = YES;
				CLANG_ENABLE_OBJC_ARC = YES;
				CLANG_ENABLE_OBJC_WEAK = YES;
				CLANG_WARN_BLOCK_CAPTURE_AUTORELEASING = YES;
				CLANG_WARN_BOOL_CONVERSION = YES;
				CLANG_WARN_COMMA = YES;
				CLANG_WARN_CONSTANT_CONVERSION = YES;
				CLANG_WARN_DEPRECATED_OBJC_IMPLEMENTATIONS = YES;
				CLANG_WARN_DIRECT_OBJC_ISA_USAGE = YES_ERROR;
				CLANG_WARN_DOCUMENTATION_COMMENTS = YES;
				CLANG_WARN_EMPTY_BODY = YES;
				CLANG_WARN_ENUM_CONVERSION = YES;
				CLANG_WARN_INFINITE_RECURSION = YES;
				CLANG_WARN_INT_CONVERSION = YES;
				CLANG_WARN_NON_LITERAL_NULL_CONVERSION = YES;
				CLANG_WARN_OBJC_IMPLICIT_RETAIN_SELF = YES;
				CLANG_WARN_OBJC_LITERAL_CONVERSION = YES;
				CLANG_WARN_OBJC_ROOT_CLASS = YES_ERROR;
				CLANG_WARN_QUOTED_INCLUDE_IN_FRAMEWORK_HEADER = YES;
				CLANG_WARN_RANGE_LOOP_ANALYSIS = YES;
				CLANG_WARN_STRICT_PROTOTYPES = YES;
				CLANG_WARN_SUSPICIOUS_MOVE = YES;
				CLANG_WARN_UNGUARDED_AVAILABILITY = YES_AGGRESSIVE;
				CLANG_WARN_UNREACHABLE_CODE = YES;
				CLANG_WARN__DUPLICATE_METHOD_MATCH = YES;
				COPY_PHASE_STRIP = NO;
				DEBUG_INFORMATION_FORMAT = dwarf;
				ENABLE_STRICT_OBJC_MSGSEND = YES;
				ENABLE_TESTABILITY = YES;
				ENABLE_USER_SCRIPT_SANDBOXING = YES;
				GCC_C_LANGUAGE_STANDARD = gnu17;
				GCC_DYNAMIC_NO_PIC = NO;
				GCC_NO_COMMON_BLOCKS = YES;
				GCC_OPTIMIZATION_LEVEL = 0;
				GCC_PREPROCESSOR_DEFINITIONS = (
					"DEBUG=1",
					"$(inherited)",
				);
				GCC_WARN_64_TO_32_BIT_CONVERSION = YES;
				GCC_WARN_ABOUT_RETURN_TYPE = YES_ERROR;
				GCC_WARN_UNDECLARED_SELECTOR = YES;
				GCC_WARN_UNINITIALIZED_AUTOS = YES_AGGRESSIVE;
				GCC_WARN_UNUSED_FUNCTION = YES;
				GCC_WARN_UNUSED_VARIABLE = YES;
				IPHONEOS_DEPLOYMENT_TARGET = 17.4;
				LOCALIZATION_PREFERS_STRING_CATALOGS = YES;
				MTL_ENABLE_DEBUG_INFO = INCLUDE_SOURCE;
				MTL_FAST_MATH = YES;
				ONLY_ACTIVE_ARCH = YES;
				SDKROOT = iphoneos;
				SWIFT_ACTIVE_COMPILATION_CONDITIONS = "DEBUG $(inherited)";
				SWIFT_OPTIMIZATION_LEVEL = "-Onone";
			};
			name = Debug;
		};
		CF955F1B2BB3A0D5001454C2 /* Release */ = {
			isa = XCBuildConfiguration;
			buildSettings = {
				ALWAYS_SEARCH_USER_PATHS = NO;
				ASSETCATALOG_COMPILER_GENERATE_SWIFT_ASSET_SYMBOL_EXTENSIONS = YES;
				CLANG_ANALYZER_NONNULL = YES;
				CLANG_ANALYZER_NUMBER_OBJECT_CONVERSION = YES_AGGRESSIVE;
				CLANG_CXX_LANGUAGE_STANDARD = "gnu++20";
				CLANG_ENABLE_MODULES = YES;
				CLANG_ENABLE_OBJC_ARC = YES;
				CLANG_ENABLE_OBJC_WEAK = YES;
				CLANG_WARN_BLOCK_CAPTURE_AUTORELEASING = YES;
				CLANG_WARN_BOOL_CONVERSION = YES;
				CLANG_WARN_COMMA = YES;
				CLANG_WARN_CONSTANT_CONVERSION = YES;
				CLANG_WARN_DEPRECATED_OBJC_IMPLEMENTATIONS = YES;
				CLANG_WARN_DIRECT_OBJC_ISA_USAGE = YES_ERROR;
				CLANG_WARN_DOCUMENTATION_COMMENTS = YES;
				CLANG_WARN_EMPTY_BODY = YES;
				CLANG_WARN_ENUM_CONVERSION = YES;
				CLANG_WARN_INFINITE_RECURSION = YES;
				CLANG_WARN_INT_CONVERSION = YES;
				CLANG_WARN_NON_LITERAL_NULL_CONVERSION = YES;
				CLANG_WARN_OBJC_IMPLICIT_RETAIN_SELF = YES;
				CLANG_WARN_OBJC_LITERAL_CONVERSION = YES;
				CLANG_WARN_OBJC_ROOT_CLASS = YES_ERROR;
				CLANG_WARN_QUOTED_INCLUDE_IN_FRAMEWORK_HEADER = YES;
				CLANG_WARN_RANGE_LOOP_ANALYSIS = YES;
				CLANG_WARN_STRICT_PROTOTYPES = YES;
				CLANG_WARN_SUSPICIOUS_MOVE = YES;
				CLANG_WARN_UNGUARDED_AVAILABILITY = YES_AGGRESSIVE;
				CLANG_WARN_UNREACHABLE_CODE = YES;
				CLANG_WARN__DUPLICATE_METHOD_MATCH = YES;
				COPY_PHASE_STRIP = NO;
				DEBUG_INFORMATION_FORMAT = "dwarf-with-dsym";
				ENABLE_NS_ASSERTIONS = NO;
				ENABLE_STRICT_OBJC_MSGSEND = YES;
				ENABLE_USER_SCRIPT_SANDBOXING = YES;
				GCC_C_LANGUAGE_STANDARD = gnu17;
				GCC_NO_COMMON_BLOCKS = YES;
				GCC_WARN_64_TO_32_BIT_CONVERSION = YES;
				GCC_WARN_ABOUT_RETURN_TYPE = YES_ERROR;
				GCC_WARN_UNDECLARED_SELECTOR = YES;
				GCC_WARN_UNINITIALIZED_AUTOS = YES_AGGRESSIVE;
				GCC_WARN_UNUSED_FUNCTION = YES;
				GCC_WARN_UNUSED_VARIABLE = YES;
				IPHONEOS_DEPLOYMENT_TARGET = 17.4;
				LOCALIZATION_PREFERS_STRING_CATALOGS = YES;
				MTL_ENABLE_DEBUG_INFO = NO;
				MTL_FAST_MATH = YES;
				SDKROOT = iphoneos;
				SWIFT_COMPILATION_MODE = wholemodule;
				VALIDATE_PRODUCT = YES;
			};
			name = Release;
		};
		CF955F1D2BB3A0D5001454C2 /* Debug */ = {
			isa = XCBuildConfiguration;
			buildSettings = {
				ASSETCATALOG_COMPILER_APPICON_NAME = AppIcon;
				ASSETCATALOG_COMPILER_GLOBAL_ACCENT_COLOR_NAME = AccentColor;
				CODE_SIGN_STYLE = Automatic;
				CURRENT_PROJECT_VERSION = 1;
				DEVELOPMENT_ASSET_PATHS = "\"Media Playback App2/Preview Content\"";
				DEVELOPMENT_TEAM = B2SX953N9U;
				ENABLE_PREVIEWS = YES;
				GENERATE_INFOPLIST_FILE = YES;
				INFOPLIST_FILE = "Media-Playback-App2-Info.plist";
				INFOPLIST_KEY_UIApplicationSceneManifest_Generation = YES;
				INFOPLIST_KEY_UIApplicationSupportsIndirectInputEvents = YES;
				INFOPLIST_KEY_UILaunchScreen_Generation = YES;
				INFOPLIST_KEY_UISupportedInterfaceOrientations_iPad = "UIInterfaceOrientationPortrait UIInterfaceOrientationPortraitUpsideDown UIInterfaceOrientationLandscapeLeft UIInterfaceOrientationLandscapeRight";
				INFOPLIST_KEY_UISupportedInterfaceOrientations_iPhone = "UIInterfaceOrientationPortrait UIInterfaceOrientationLandscapeLeft UIInterfaceOrientationLandscapeRight";
				LD_RUNPATH_SEARCH_PATHS = (
					"$(inherited)",
					"@executable_path/Frameworks",
				);
				MARKETING_VERSION = 1.0;
				PRODUCT_BUNDLE_IDENTIFIER = "cristina.Media-Playback-App2";
				PRODUCT_NAME = "$(TARGET_NAME)";
				SWIFT_EMIT_LOC_STRINGS = YES;
				SWIFT_VERSION = 5.0;
				TARGETED_DEVICE_FAMILY = "1,2";
			};
			name = Debug;
		};
		CF955F1E2BB3A0D5001454C2 /* Release */ = {
			isa = XCBuildConfiguration;
			buildSettings = {
				ASSETCATALOG_COMPILER_APPICON_NAME = AppIcon;
				ASSETCATALOG_COMPILER_GLOBAL_ACCENT_COLOR_NAME = AccentColor;
				CODE_SIGN_STYLE = Automatic;
				CURRENT_PROJECT_VERSION = 1;
				DEVELOPMENT_ASSET_PATHS = "\"Media Playback App2/Preview Content\"";
				DEVELOPMENT_TEAM = B2SX953N9U;
				ENABLE_PREVIEWS = YES;
				GENERATE_INFOPLIST_FILE = YES;
				INFOPLIST_FILE = "Media-Playback-App2-Info.plist";
				INFOPLIST_KEY_UIApplicationSceneManifest_Generation = YES;
				INFOPLIST_KEY_UIApplicationSupportsIndirectInputEvents = YES;
				INFOPLIST_KEY_UILaunchScreen_Generation = YES;
				INFOPLIST_KEY_UISupportedInterfaceOrientations_iPad = "UIInterfaceOrientationPortrait UIInterfaceOrientationPortraitUpsideDown UIInterfaceOrientationLandscapeLeft UIInterfaceOrientationLandscapeRight";
				INFOPLIST_KEY_UISupportedInterfaceOrientations_iPhone = "UIInterfaceOrientationPortrait UIInterfaceOrientationLandscapeLeft UIInterfaceOrientationLandscapeRight";
				LD_RUNPATH_SEARCH_PATHS = (
					"$(inherited)",
					"@executable_path/Frameworks",
				);
				MARKETING_VERSION = 1.0;
				PRODUCT_BUNDLE_IDENTIFIER = "cristina.Media-Playback-App2";
				PRODUCT_NAME = "$(TARGET_NAME)";
				SWIFT_EMIT_LOC_STRINGS = YES;
				SWIFT_VERSION = 5.0;
				TARGETED_DEVICE_FAMILY = "1,2";
			};
			name = Release;
		};
		CF955F202BB3A0D5001454C2 /* Debug */ = {
			isa = XCBuildConfiguration;
			buildSettings = {
				ALWAYS_EMBED_SWIFT_STANDARD_LIBRARIES = YES;
				BUNDLE_LOADER = "$(TEST_HOST)";
				CODE_SIGN_STYLE = Automatic;
				CURRENT_PROJECT_VERSION = 1;
				DEVELOPMENT_TEAM = B2SX953N9U;
				GENERATE_INFOPLIST_FILE = YES;
				IPHONEOS_DEPLOYMENT_TARGET = 17.4;
				MARKETING_VERSION = 1.0;
				PRODUCT_BUNDLE_IDENTIFIER = "cristina.Media-Playback-App2Tests";
				PRODUCT_NAME = "$(TARGET_NAME)";
				SWIFT_EMIT_LOC_STRINGS = NO;
				SWIFT_VERSION = 5.0;
				TARGETED_DEVICE_FAMILY = "1,2";
				TEST_HOST = "$(BUILT_PRODUCTS_DIR)/Media Playback App2.app/$(BUNDLE_EXECUTABLE_FOLDER_PATH)/Media Playback App2";
			};
			name = Debug;
		};
		CF955F212BB3A0D5001454C2 /* Release */ = {
			isa = XCBuildConfiguration;
			buildSettings = {
				ALWAYS_EMBED_SWIFT_STANDARD_LIBRARIES = YES;
				BUNDLE_LOADER = "$(TEST_HOST)";
				CODE_SIGN_STYLE = Automatic;
				CURRENT_PROJECT_VERSION = 1;
				DEVELOPMENT_TEAM = B2SX953N9U;
				GENERATE_INFOPLIST_FILE = YES;
				IPHONEOS_DEPLOYMENT_TARGET = 17.4;
				MARKETING_VERSION = 1.0;
				PRODUCT_BUNDLE_IDENTIFIER = "cristina.Media-Playback-App2Tests";
				PRODUCT_NAME = "$(TARGET_NAME)";
				SWIFT_EMIT_LOC_STRINGS = NO;
				SWIFT_VERSION = 5.0;
				TARGETED_DEVICE_FAMILY = "1,2";
				TEST_HOST = "$(BUILT_PRODUCTS_DIR)/Media Playback App2.app/$(BUNDLE_EXECUTABLE_FOLDER_PATH)/Media Playback App2";
			};
			name = Release;
		};
		CF955F232BB3A0D5001454C2 /* Debug */ = {
			isa = XCBuildConfiguration;
			buildSettings = {
				ALWAYS_EMBED_SWIFT_STANDARD_LIBRARIES = YES;
				CODE_SIGN_STYLE = Automatic;
				CURRENT_PROJECT_VERSION = 1;
				DEVELOPMENT_TEAM = B2SX953N9U;
				GENERATE_INFOPLIST_FILE = YES;
				MARKETING_VERSION = 1.0;
				PRODUCT_BUNDLE_IDENTIFIER = "cristina.Media-Playback-App2UITests";
				PRODUCT_NAME = "$(TARGET_NAME)";
				SWIFT_EMIT_LOC_STRINGS = NO;
				SWIFT_VERSION = 5.0;
				TARGETED_DEVICE_FAMILY = "1,2";
				TEST_TARGET_NAME = "Media Playback App2";
			};
			name = Debug;
		};
		CF955F242BB3A0D5001454C2 /* Release */ = {
			isa = XCBuildConfiguration;
			buildSettings = {
				ALWAYS_EMBED_SWIFT_STANDARD_LIBRARIES = YES;
				CODE_SIGN_STYLE = Automatic;
				CURRENT_PROJECT_VERSION = 1;
				DEVELOPMENT_TEAM = B2SX953N9U;
				GENERATE_INFOPLIST_FILE = YES;
				MARKETING_VERSION = 1.0;
				PRODUCT_BUNDLE_IDENTIFIER = "cristina.Media-Playback-App2UITests";
				PRODUCT_NAME = "$(TARGET_NAME)";
				SWIFT_EMIT_LOC_STRINGS = NO;
				SWIFT_VERSION = 5.0;
				TARGETED_DEVICE_FAMILY = "1,2";
				TEST_TARGET_NAME = "Media Playback App2";
			};
			name = Release;
		};
/* End XCBuildConfiguration section */

/* Begin XCConfigurationList section */
		CF955EF32BB3A0D2001454C2 /* Build configuration list for PBXProject "Media Playback App2" */ = {
			isa = XCConfigurationList;
			buildConfigurations = (
				CF955F1A2BB3A0D5001454C2 /* Debug */,
				CF955F1B2BB3A0D5001454C2 /* Release */,
			);
			defaultConfigurationIsVisible = 0;
			defaultConfigurationName = Release;
		};
		CF955F1C2BB3A0D5001454C2 /* Build configuration list for PBXNativeTarget "Media Playback App2" */ = {
			isa = XCConfigurationList;
			buildConfigurations = (
				CF955F1D2BB3A0D5001454C2 /* Debug */,
				CF955F1E2BB3A0D5001454C2 /* Release */,
			);
			defaultConfigurationIsVisible = 0;
			defaultConfigurationName = Release;
		};
		CF955F1F2BB3A0D5001454C2 /* Build configuration list for PBXNativeTarget "Media Playback App2Tests" */ = {
			isa = XCConfigurationList;
			buildConfigurations = (
				CF955F202BB3A0D5001454C2 /* Debug */,
				CF955F212BB3A0D5001454C2 /* Release */,
			);
			defaultConfigurationIsVisible = 0;
			defaultConfigurationName = Release;
		};
		CF955F222BB3A0D5001454C2 /* Build configuration list for PBXNativeTarget "Media Playback App2UITests" */ = {
			isa = XCConfigurationList;
			buildConfigurations = (
				CF955F232BB3A0D5001454C2 /* Debug */,
				CF955F242BB3A0D5001454C2 /* Release */,
			);
			defaultConfigurationIsVisible = 0;
			defaultConfigurationName = Release;
		};
/* End XCConfigurationList section */
	};
	rootObject = CF955EF02BB3A0D2001454C2 /* Project object */;
}
